
Microsoft Visual Studio Solution File, Format Version 12.00
# Visual Studio Version 16
VisualStudioVersion = 16.0.29215.179
MinimumVisualStudioVersion = 10.0.40219.1
Project("{FAE04EC0-301F-11D3-BF4B-00C04F79EFBC}") = "övning132", "övning132\övning132.csproj", "{BFF7290B-0E13-490A-A8CB-F383B235E8DD}"
EndProject
Global
	GlobalSection(SolutionConfigurationPlatforms) = preSolution
		Debug|Any CPU = Debug|Any CPU
		Release|Any CPU = Release|Any CPU
	EndGlobalSection
	GlobalSection(ProjectConfigurationPlatforms) = postSolution
		{BFF7290B-0E13-490A-A8CB-F383B235E8DD}.Debug|Any CPU.ActiveCfg = Debug|Any CPU
		{BFF7290B-0E13-490A-A8CB-F383B235E8DD}.Debug|Any CPU.Build.0 = Debug|Any CPU
		{BFF7290B-0E13-490A-A8CB-F383B235E8DD}.Release|Any CPU.ActiveCfg = Release|Any CPU
		{BFF7290B-0E13-490A-A8CB-F383B235E8DD}.Release|Any CPU.Build.0 = Release|Any CPU
	EndGlobalSection
	GlobalSection(SolutionProperties) = preSolution
		HideSolutionNode = FALSE
	EndGlobalSection
	GlobalSection(ExtensibilityGlobals) = postSolution
		SolutionGuid = {95E7DCA9-0234-4CFA-AA77-863D46B89C83}
	EndGlobalSection
EndGlobal
